
Microsoft Visual Studio Solution File, Format Version 12.00
# Visual Studio 15
VisualStudioVersion = 15.0.28307.102
MinimumVisualStudioVersion = 10.0.40219.1
Project("{FAE04EC0-301F-11D3-BF4B-00C04F79EFBC}") = "WebApp", "WebApp\WebApp.csproj", "{EE52C75D-B2BB-4546-AFEB-42D5DA48EA94}"
EndProject
Global
	GlobalSection(SolutionConfigurationPlatforms) = preSolution
		Debug|Any CPU = Debug|Any CPU
		Release|Any CPU = Release|Any CPU
	EndGlobalSection
	GlobalSection(ProjectConfigurationPlatforms) = postSolution
		{EE52C75D-B2BB-4546-AFEB-42D5DA48EA94}.Debug|Any CPU.ActiveCfg = Debug|Any CPU
		{EE52C75D-B2BB-4546-AFEB-42D5DA48EA94}.Debug|Any CPU.Build.0 = Debug|Any CPU
		{EE52C75D-B2BB-4546-AFEB-42D5DA48EA94}.Release|Any CPU.ActiveCfg = Release|Any CPU
		{EE52C75D-B2BB-4546-AFEB-42D5DA48EA94}.Release|Any CPU.Build.0 = Release|Any CPU
	EndGlobalSection
	GlobalSection(SolutionProperties) = preSolution
		HideSolutionNode = FALSE
	EndGlobalSection
	GlobalSection(ExtensibilityGlobals) = postSolution
		SolutionGuid = {D5785EF3-E7D2-4E8E-A84F-2D1F599F3E88}
	EndGlobalSection
EndGlobal
